
Microsoft Visual Studio Solution File, Format Version 12.00
# Visual Studio 15
VisualStudioVersion = 15.0.26403.7
MinimumVisualStudioVersion = 10.0.40219.1
Project("{9A19103F-16F7-4668-BE54-9A1E7A4F7556}") = "Money", "src\Money\Money.csproj", "{CCED2DC9-B1BC-4A66-A7C3-488CF1DE3616}"
EndProject
Project("{9A19103F-16F7-4668-BE54-9A1E7A4F7556}") = "Neptuo", "src\Neptuo\Neptuo.csproj", "{C637B589-5769-4661-9B6D-A34571A5AE08}"
EndProject
Project("{9A19103F-16F7-4668-BE54-9A1E7A4F7556}") = "Money.Models", "src\Money.Models\Money.Models.csproj", "{CA416337-12D3-4406-85C8-2717FAB7A7D2}"
EndProject
Project("{FAE04EC0-301F-11D3-BF4B-00C04F79EFBC}") = "Money.UI.Universal", "src\Money.UI.Universal\Money.UI.Universal.csproj", "{6D351EA3-9664-48F9-8937-EA14924755FE}"
EndProject
Project("{9A19103F-16F7-4668-BE54-9A1E7A4F7556}") = "Money.Data", "src\Money.Data\Money.Data.csproj", "{1AD9F4C2-F7E0-4179-8938-D39A2D291BDF}"
EndProject
Project("{9A19103F-16F7-4668-BE54-9A1E7A4F7556}") = "Money.Models.Builders", "src\Money.Models.Builders\Money.Models.Builders.csproj", "{DEBB89D5-7BA3-465C-B6D0-927FD61C0DFB}"
EndProject
Project("{9A19103F-16F7-4668-BE54-9A1E7A4F7556}") = "Money.UI.Blazor", "src\Money.UI.Blazor\Money.UI.Blazor.csproj", "{F13BAE0F-446F-4E54-8DFD-63776E94D33D}"
EndProject
Project("{9A19103F-16F7-4668-BE54-9A1E7A4F7556}") = "Neptuo.Json", "src\Neptuo.Json\Neptuo.Json.csproj", "{2CEB371B-B0EF-4335-99E3-83F30B1EF21E}"
EndProject
Project("{9A19103F-16F7-4668-BE54-9A1E7A4F7556}") = "Neptuo.EntityFrameworkCore", "src\Neptuo.EntityFrameworkCore\Neptuo.EntityFrameworkCore.csproj", "{8D844524-F0FC-4DF7-9DF6-704327812309}"
EndProject
Project("{2150E333-8FDC-42A3-9474-1A3956D46DE8}") = "Domain", "Domain", "{0ABE93F4-6D79-475C-9E76-3136A7D17D26}"
EndProject
Project("{2150E333-8FDC-42A3-9474-1A3956D46DE8}") = "ReadModels", "ReadModels", "{5F8D41B8-9780-4960-9071-3462BA179E23}"
EndProject
Project("{2150E333-8FDC-42A3-9474-1A3956D46DE8}") = "UI", "UI", "{B38271C0-D03D-4DA3-97A5-7F2183CE7D15}"
EndProject
Project("{9A19103F-16F7-4668-BE54-9A1E7A4F7556}") = "Money.Api", "src\Money.Api\Money.Api.csproj", "{D97DE048-58C6-4F5F-B042-6A70264AC8D0}"
EndProject
Project("{9A19103F-16F7-4668-BE54-9A1E7A4F7556}") = "Money.Api.Shared", "src\Money.Api.Shared\Money.Api.Shared.csproj", "{8D7E12EA-22FA-4B3E-A80D-0AB523F6E634}"
EndProject
Project("{FAE04EC0-301F-11D3-BF4B-00C04F79EFBC}") = "Money.UI.Blazor.Hosting", "src\Money.UI.Blazor.Hosting\Money.UI.Blazor.Hosting.csproj", "{1AE59523-EC03-4B99-BDA6-05B8C49000DE}"
EndProject
Global
	GlobalSection(SolutionConfigurationPlatforms) = preSolution
		Debug|Any CPU = Debug|Any CPU
		Debug|ARM = Debug|ARM
		Debug|x64 = Debug|x64
		Debug|x86 = Debug|x86
		Release|Any CPU = Release|Any CPU
		Release|ARM = Release|ARM
		Release|x64 = Release|x64
		Release|x86 = Release|x86
	EndGlobalSection
	GlobalSection(ProjectConfigurationPlatforms) = postSolution
		{CCED2DC9-B1BC-4A66-A7C3-488CF1DE3616}.Debug|Any CPU.ActiveCfg = Debug|Any CPU
		{CCED2DC9-B1BC-4A66-A7C3-488CF1DE3616}.Debug|Any CPU.Build.0 = Debug|Any CPU
		{CCED2DC9-B1BC-4A66-A7C3-488CF1DE3616}.Debug|ARM.ActiveCfg = Debug|Any CPU
		{CCED2DC9-B1BC-4A66-A7C3-488CF1DE3616}.Debug|ARM.Build.0 = Debug|Any CPU
		{CCED2DC9-B1BC-4A66-A7C3-488CF1DE3616}.Debug|x64.ActiveCfg = Debug|Any CPU
		{CCED2DC9-B1BC-4A66-A7C3-488CF1DE3616}.Debug|x64.Build.0 = Debug|Any CPU
		{CCED2DC9-B1BC-4A66-A7C3-488CF1DE3616}.Debug|x86.ActiveCfg = Debug|Any CPU
		{CCED2DC9-B1BC-4A66-A7C3-488CF1DE3616}.Debug|x86.Build.0 = Debug|Any CPU
		{CCED2DC9-B1BC-4A66-A7C3-488CF1DE3616}.Release|Any CPU.ActiveCfg = Release|Any CPU
		{CCED2DC9-B1BC-4A66-A7C3-488CF1DE3616}.Release|Any CPU.Build.0 = Release|Any CPU
		{CCED2DC9-B1BC-4A66-A7C3-488CF1DE3616}.Release|ARM.ActiveCfg = Release|Any CPU
		{CCED2DC9-B1BC-4A66-A7C3-488CF1DE3616}.Release|ARM.Build.0 = Release|Any CPU
		{CCED2DC9-B1BC-4A66-A7C3-488CF1DE3616}.Release|x64.ActiveCfg = Release|Any CPU
		{CCED2DC9-B1BC-4A66-A7C3-488CF1DE3616}.Release|x64.Build.0 = Release|Any CPU
		{CCED2DC9-B1BC-4A66-A7C3-488CF1DE3616}.Release|x86.ActiveCfg = Release|Any CPU
		{CCED2DC9-B1BC-4A66-A7C3-488CF1DE3616}.Release|x86.Build.0 = Release|Any CPU
		{C637B589-5769-4661-9B6D-A34571A5AE08}.Debug|Any CPU.ActiveCfg = Debug|Any CPU
		{C637B589-5769-4661-9B6D-A34571A5AE08}.Debug|Any CPU.Build.0 = Debug|Any CPU
		{C637B589-5769-4661-9B6D-A34571A5AE08}.Debug|ARM.ActiveCfg = Debug|Any CPU
		{C637B589-5769-4661-9B6D-A34571A5AE08}.Debug|ARM.Build.0 = Debug|Any CPU
		{C637B589-5769-4661-9B6D-A34571A5AE08}.Debug|x64.ActiveCfg = Debug|Any CPU
		{C637B589-5769-4661-9B6D-A34571A5AE08}.Debug|x64.Build.0 = Debug|Any CPU
		{C637B589-5769-4661-9B6D-A34571A5AE08}.Debug|x86.ActiveCfg = Debug|Any CPU
		{C637B589-5769-4661-9B6D-A34571A5AE08}.Debug|x86.Build.0 = Debug|Any CPU
		{C637B589-5769-4661-9B6D-A34571A5AE08}.Release|Any CPU.ActiveCfg = Release|Any CPU
		{C637B589-5769-4661-9B6D-A34571A5AE08}.Release|Any CPU.Build.0 = Release|Any CPU
		{C637B589-5769-4661-9B6D-A34571A5AE08}.Release|ARM.ActiveCfg = Release|Any CPU
		{C637B589-5769-4661-9B6D-A34571A5AE08}.Release|ARM.Build.0 = Release|Any CPU
		{C637B589-5769-4661-9B6D-A34571A5AE08}.Release|x64.ActiveCfg = Release|Any CPU
		{C637B589-5769-4661-9B6D-A34571A5AE08}.Release|x64.Build.0 = Release|Any CPU
		{C637B589-5769-4661-9B6D-A34571A5AE08}.Release|x86.ActiveCfg = Release|Any CPU
		{C637B589-5769-4661-9B6D-A34571A5AE08}.Release|x86.Build.0 = Release|Any CPU
		{CA416337-12D3-4406-85C8-2717FAB7A7D2}.Debug|Any CPU.ActiveCfg = Debug|Any CPU
		{CA416337-12D3-4406-85C8-2717FAB7A7D2}.Debug|Any CPU.Build.0 = Debug|Any CPU
		{CA416337-12D3-4406-85C8-2717FAB7A7D2}.Debug|ARM.ActiveCfg = Debug|Any CPU
		{CA416337-12D3-4406-85C8-2717FAB7A7D2}.Debug|ARM.Build.0 = Debug|Any CPU
		{CA416337-12D3-4406-85C8-2717FAB7A7D2}.Debug|x64.ActiveCfg = Debug|Any CPU
		{CA416337-12D3-4406-85C8-2717FAB7A7D2}.Debug|x64.Build.0 = Debug|Any CPU
		{CA416337-12D3-4406-85C8-2717FAB7A7D2}.Debug|x86.ActiveCfg = Debug|Any CPU
		{CA416337-12D3-4406-85C8-2717FAB7A7D2}.Debug|x86.Build.0 = Debug|Any CPU
		{CA416337-12D3-4406-85C8-2717FAB7A7D2}.Release|Any CPU.ActiveCfg = Release|Any CPU
		{CA416337-12D3-4406-85C8-2717FAB7A7D2}.Release|Any CPU.Build.0 = Release|Any CPU
		{CA416337-12D3-4406-85C8-2717FAB7A7D2}.Release|ARM.ActiveCfg = Release|Any CPU
		{CA416337-12D3-4406-85C8-2717FAB7A7D2}.Release|ARM.Build.0 = Release|Any CPU
		{CA416337-12D3-4406-85C8-2717FAB7A7D2}.Release|x64.ActiveCfg = Release|Any CPU
		{CA416337-12D3-4406-85C8-2717FAB7A7D2}.Release|x64.Build.0 = Release|Any CPU
		{CA416337-12D3-4406-85C8-2717FAB7A7D2}.Release|x86.ActiveCfg = Release|Any CPU
		{CA416337-12D3-4406-85C8-2717FAB7A7D2}.Release|x86.Build.0 = Release|Any CPU
		{6D351EA3-9664-48F9-8937-EA14924755FE}.Debug|Any CPU.ActiveCfg = Debug|x86
		{6D351EA3-9664-48F9-8937-EA14924755FE}.Debug|Any CPU.Build.0 = Debug|x86
		{6D351EA3-9664-48F9-8937-EA14924755FE}.Debug|Any CPU.Deploy.0 = Debug|x86
		{6D351EA3-9664-48F9-8937-EA14924755FE}.Debug|ARM.ActiveCfg = Debug|ARM
		{6D351EA3-9664-48F9-8937-EA14924755FE}.Debug|ARM.Build.0 = Debug|ARM
		{6D351EA3-9664-48F9-8937-EA14924755FE}.Debug|ARM.Deploy.0 = Debug|ARM
		{6D351EA3-9664-48F9-8937-EA14924755FE}.Debug|x64.ActiveCfg = Debug|x64
		{6D351EA3-9664-48F9-8937-EA14924755FE}.Debug|x64.Build.0 = Debug|x64
		{6D351EA3-9664-48F9-8937-EA14924755FE}.Debug|x64.Deploy.0 = Debug|x64
		{6D351EA3-9664-48F9-8937-EA14924755FE}.Debug|x86.ActiveCfg = Debug|x86
		{6D351EA3-9664-48F9-8937-EA14924755FE}.Debug|x86.Build.0 = Debug|x86
		{6D351EA3-9664-48F9-8937-EA14924755FE}.Debug|x86.Deploy.0 = Debug|x86
		{6D351EA3-9664-48F9-8937-EA14924755FE}.Release|Any CPU.ActiveCfg = Release|x86
		{6D351EA3-9664-48F9-8937-EA14924755FE}.Release|Any CPU.Build.0 = Release|x86
		{6D351EA3-9664-48F9-8937-EA14924755FE}.Release|Any CPU.Deploy.0 = Release|x86
		{6D351EA3-9664-48F9-8937-EA14924755FE}.Release|ARM.ActiveCfg = Release|ARM
		{6D351EA3-9664-48F9-8937-EA14924755FE}.Release|ARM.Build.0 = Release|ARM
		{6D351EA3-9664-48F9-8937-EA14924755FE}.Release|ARM.Deploy.0 = Release|ARM
		{6D351EA3-9664-48F9-8937-EA14924755FE}.Release|x64.ActiveCfg = Release|x64
		{6D351EA3-9664-48F9-8937-EA14924755FE}.Release|x64.Build.0 = Release|x64
		{6D351EA3-9664-48F9-8937-EA14924755FE}.Release|x64.Deploy.0 = Release|x64
		{6D351EA3-9664-48F9-8937-EA14924755FE}.Release|x86.ActiveCfg = Release|x86
		{6D351EA3-9664-48F9-8937-EA14924755FE}.Release|x86.Build.0 = Release|x86
		{6D351EA3-9664-48F9-8937-EA14924755FE}.Release|x86.Deploy.0 = Release|x86
		{1AD9F4C2-F7E0-4179-8938-D39A2D291BDF}.Debug|Any CPU.ActiveCfg = Debug|Any CPU
		{1AD9F4C2-F7E0-4179-8938-D39A2D291BDF}.Debug|Any CPU.Build.0 = Debug|Any CPU
		{1AD9F4C2-F7E0-4179-8938-D39A2D291BDF}.Debug|ARM.ActiveCfg = Debug|Any CPU
		{1AD9F4C2-F7E0-4179-8938-D39A2D291BDF}.Debug|ARM.Build.0 = Debug|Any CPU
		{1AD9F4C2-F7E0-4179-8938-D39A2D291BDF}.Debug|x64.ActiveCfg = Debug|Any CPU
		{1AD9F4C2-F7E0-4179-8938-D39A2D291BDF}.Debug|x64.Build.0 = Debug|Any CPU
		{1AD9F4C2-F7E0-4179-8938-D39A2D291BDF}.Debug|x86.ActiveCfg = Debug|Any CPU
		{1AD9F4C2-F7E0-4179-8938-D39A2D291BDF}.Debug|x86.Build.0 = Debug|Any CPU
		{1AD9F4C2-F7E0-4179-8938-D39A2D291BDF}.Release|Any CPU.ActiveCfg = Release|Any CPU
		{1AD9F4C2-F7E0-4179-8938-D39A2D291BDF}.Release|Any CPU.Build.0 = Release|Any CPU
		{1AD9F4C2-F7E0-4179-8938-D39A2D291BDF}.Release|ARM.ActiveCfg = Release|Any CPU
		{1AD9F4C2-F7E0-4179-8938-D39A2D291BDF}.Release|ARM.Build.0 = Release|Any CPU
		{1AD9F4C2-F7E0-4179-8938-D39A2D291BDF}.Release|x64.ActiveCfg = Release|Any CPU
		{1AD9F4C2-F7E0-4179-8938-D39A2D291BDF}.Release|x64.Build.0 = Release|Any CPU
		{1AD9F4C2-F7E0-4179-8938-D39A2D291BDF}.Release|x86.ActiveCfg = Release|Any CPU
		{1AD9F4C2-F7E0-4179-8938-D39A2D291BDF}.Release|x86.Build.0 = Release|Any CPU
		{DEBB89D5-7BA3-465C-B6D0-927FD61C0DFB}.Debug|Any CPU.ActiveCfg = Debug|Any CPU
		{DEBB89D5-7BA3-465C-B6D0-927FD61C0DFB}.Debug|Any CPU.Build.0 = Debug|Any CPU
		{DEBB89D5-7BA3-465C-B6D0-927FD61C0DFB}.Debug|ARM.ActiveCfg = Debug|Any CPU
		{DEBB89D5-7BA3-465C-B6D0-927FD61C0DFB}.Debug|ARM.Build.0 = Debug|Any CPU
		{DEBB89D5-7BA3-465C-B6D0-927FD61C0DFB}.Debug|x64.ActiveCfg = Debug|Any CPU
		{DEBB89D5-7BA3-465C-B6D0-927FD61C0DFB}.Debug|x64.Build.0 = Debug|Any CPU
		{DEBB89D5-7BA3-465C-B6D0-927FD61C0DFB}.Debug|x86.ActiveCfg = Debug|Any CPU
		{DEBB89D5-7BA3-465C-B6D0-927FD61C0DFB}.Debug|x86.Build.0 = Debug|Any CPU
		{DEBB89D5-7BA3-465C-B6D0-927FD61C0DFB}.Release|Any CPU.ActiveCfg = Release|Any CPU
		{DEBB89D5-7BA3-465C-B6D0-927FD61C0DFB}.Release|Any CPU.Build.0 = Release|Any CPU
		{DEBB89D5-7BA3-465C-B6D0-927FD61C0DFB}.Release|ARM.ActiveCfg = Release|Any CPU
		{DEBB89D5-7BA3-465C-B6D0-927FD61C0DFB}.Release|ARM.Build.0 = Release|Any CPU
		{DEBB89D5-7BA3-465C-B6D0-927FD61C0DFB}.Release|x64.ActiveCfg = Release|Any CPU
		{DEBB89D5-7BA3-465C-B6D0-927FD61C0DFB}.Release|x64.Build.0 = Release|Any CPU
		{DEBB89D5-7BA3-465C-B6D0-927FD61C0DFB}.Release|x86.ActiveCfg = Release|Any CPU
		{DEBB89D5-7BA3-465C-B6D0-927FD61C0DFB}.Release|x86.Build.0 = Release|Any CPU
		{F13BAE0F-446F-4E54-8DFD-63776E94D33D}.Debug|Any CPU.ActiveCfg = Debug|Any CPU
		{F13BAE0F-446F-4E54-8DFD-63776E94D33D}.Debug|Any CPU.Build.0 = Debug|Any CPU
		{F13BAE0F-446F-4E54-8DFD-63776E94D33D}.Debug|ARM.ActiveCfg = Debug|Any CPU
		{F13BAE0F-446F-4E54-8DFD-63776E94D33D}.Debug|ARM.Build.0 = Debug|Any CPU
		{F13BAE0F-446F-4E54-8DFD-63776E94D33D}.Debug|x64.ActiveCfg = Debug|Any CPU
		{F13BAE0F-446F-4E54-8DFD-63776E94D33D}.Debug|x64.Build.0 = Debug|Any CPU
		{F13BAE0F-446F-4E54-8DFD-63776E94D33D}.Debug|x86.ActiveCfg = Debug|Any CPU
		{F13BAE0F-446F-4E54-8DFD-63776E94D33D}.Debug|x86.Build.0 = Debug|Any CPU
		{F13BAE0F-446F-4E54-8DFD-63776E94D33D}.Release|Any CPU.ActiveCfg = Release|Any CPU
		{F13BAE0F-446F-4E54-8DFD-63776E94D33D}.Release|Any CPU.Build.0 = Release|Any CPU
		{F13BAE0F-446F-4E54-8DFD-63776E94D33D}.Release|ARM.ActiveCfg = Release|Any CPU
		{F13BAE0F-446F-4E54-8DFD-63776E94D33D}.Release|ARM.Build.0 = Release|Any CPU
		{F13BAE0F-446F-4E54-8DFD-63776E94D33D}.Release|x64.ActiveCfg = Release|Any CPU
		{F13BAE0F-446F-4E54-8DFD-63776E94D33D}.Release|x64.Build.0 = Release|Any CPU
		{F13BAE0F-446F-4E54-8DFD-63776E94D33D}.Release|x86.ActiveCfg = Release|Any CPU
		{F13BAE0F-446F-4E54-8DFD-63776E94D33D}.Release|x86.Build.0 = Release|Any CPU
		{2CEB371B-B0EF-4335-99E3-83F30B1EF21E}.Debug|Any CPU.ActiveCfg = Debug|Any CPU
		{2CEB371B-B0EF-4335-99E3-83F30B1EF21E}.Debug|Any CPU.Build.0 = Debug|Any CPU
		{2CEB371B-B0EF-4335-99E3-83F30B1EF21E}.Debug|ARM.ActiveCfg = Debug|Any CPU
		{2CEB371B-B0EF-4335-99E3-83F30B1EF21E}.Debug|ARM.Build.0 = Debug|Any CPU
		{2CEB371B-B0EF-4335-99E3-83F30B1EF21E}.Debug|x64.ActiveCfg = Debug|Any CPU
		{2CEB371B-B0EF-4335-99E3-83F30B1EF21E}.Debug|x64.Build.0 = Debug|Any CPU
		{2CEB371B-B0EF-4335-99E3-83F30B1EF21E}.Debug|x86.ActiveCfg = Debug|Any CPU
		{2CEB371B-B0EF-4335-99E3-83F30B1EF21E}.Debug|x86.Build.0 = Debug|Any CPU
		{2CEB371B-B0EF-4335-99E3-83F30B1EF21E}.Release|Any CPU.ActiveCfg = Release|Any CPU
		{2CEB371B-B0EF-4335-99E3-83F30B1EF21E}.Release|Any CPU.Build.0 = Release|Any CPU
		{2CEB371B-B0EF-4335-99E3-83F30B1EF21E}.Release|ARM.ActiveCfg = Release|Any CPU
		{2CEB371B-B0EF-4335-99E3-83F30B1EF21E}.Release|ARM.Build.0 = Release|Any CPU
		{2CEB371B-B0EF-4335-99E3-83F30B1EF21E}.Release|x64.ActiveCfg = Release|Any CPU
		{2CEB371B-B0EF-4335-99E3-83F30B1EF21E}.Release|x64.Build.0 = Release|Any CPU
		{2CEB371B-B0EF-4335-99E3-83F30B1EF21E}.Release|x86.ActiveCfg = Release|Any CPU
		{2CEB371B-B0EF-4335-99E3-83F30B1EF21E}.Release|x86.Build.0 = Release|Any CPU
		{8D844524-F0FC-4DF7-9DF6-704327812309}.Debug|Any CPU.ActiveCfg = Debug|Any CPU
		{8D844524-F0FC-4DF7-9DF6-704327812309}.Debug|Any CPU.Build.0 = Debug|Any CPU
		{8D844524-F0FC-4DF7-9DF6-704327812309}.Debug|ARM.ActiveCfg = Debug|Any CPU
		{8D844524-F0FC-4DF7-9DF6-704327812309}.Debug|ARM.Build.0 = Debug|Any CPU
		{8D844524-F0FC-4DF7-9DF6-704327812309}.Debug|x64.ActiveCfg = Debug|Any CPU
		{8D844524-F0FC-4DF7-9DF6-704327812309}.Debug|x64.Build.0 = Debug|Any CPU
		{8D844524-F0FC-4DF7-9DF6-704327812309}.Debug|x86.ActiveCfg = Debug|Any CPU
		{8D844524-F0FC-4DF7-9DF6-704327812309}.Debug|x86.Build.0 = Debug|Any CPU
		{8D844524-F0FC-4DF7-9DF6-704327812309}.Release|Any CPU.ActiveCfg = Release|Any CPU
		{8D844524-F0FC-4DF7-9DF6-704327812309}.Release|Any CPU.Build.0 = Release|Any CPU
		{8D844524-F0FC-4DF7-9DF6-704327812309}.Release|ARM.ActiveCfg = Release|Any CPU
		{8D844524-F0FC-4DF7-9DF6-704327812309}.Release|ARM.Build.0 = Release|Any CPU
		{8D844524-F0FC-4DF7-9DF6-704327812309}.Release|x64.ActiveCfg = Release|Any CPU
		{8D844524-F0FC-4DF7-9DF6-704327812309}.Release|x64.Build.0 = Release|Any CPU
		{8D844524-F0FC-4DF7-9DF6-704327812309}.Release|x86.ActiveCfg = Release|Any CPU
		{8D844524-F0FC-4DF7-9DF6-704327812309}.Release|x86.Build.0 = Release|Any CPU
		{D97DE048-58C6-4F5F-B042-6A70264AC8D0}.Debug|Any CPU.ActiveCfg = Debug|Any CPU
		{D97DE048-58C6-4F5F-B042-6A70264AC8D0}.Debug|Any CPU.Build.0 = Debug|Any CPU
		{D97DE048-58C6-4F5F-B042-6A70264AC8D0}.Debug|ARM.ActiveCfg = Debug|Any CPU
		{D97DE048-58C6-4F5F-B042-6A70264AC8D0}.Debug|ARM.Build.0 = Debug|Any CPU
		{D97DE048-58C6-4F5F-B042-6A70264AC8D0}.Debug|x64.ActiveCfg = Debug|Any CPU
		{D97DE048-58C6-4F5F-B042-6A70264AC8D0}.Debug|x64.Build.0 = Debug|Any CPU
		{D97DE048-58C6-4F5F-B042-6A70264AC8D0}.Debug|x86.ActiveCfg = Debug|Any CPU
		{D97DE048-58C6-4F5F-B042-6A70264AC8D0}.Debug|x86.Build.0 = Debug|Any CPU
		{D97DE048-58C6-4F5F-B042-6A70264AC8D0}.Release|Any CPU.ActiveCfg = Release|Any CPU
		{D97DE048-58C6-4F5F-B042-6A70264AC8D0}.Release|Any CPU.Build.0 = Release|Any CPU
		{D97DE048-58C6-4F5F-B042-6A70264AC8D0}.Release|ARM.ActiveCfg = Release|Any CPU
		{D97DE048-58C6-4F5F-B042-6A70264AC8D0}.Release|ARM.Build.0 = Release|Any CPU
		{D97DE048-58C6-4F5F-B042-6A70264AC8D0}.Release|x64.ActiveCfg = Release|Any CPU
		{D97DE048-58C6-4F5F-B042-6A70264AC8D0}.Release|x64.Build.0 = Release|Any CPU
		{D97DE048-58C6-4F5F-B042-6A70264AC8D0}.Release|x86.ActiveCfg = Release|Any CPU
		{D97DE048-58C6-4F5F-B042-6A70264AC8D0}.Release|x86.Build.0 = Release|Any CPU
		{8D7E12EA-22FA-4B3E-A80D-0AB523F6E634}.Debug|Any CPU.ActiveCfg = Debug|Any CPU
		{8D7E12EA-22FA-4B3E-A80D-0AB523F6E634}.Debug|Any CPU.Build.0 = Debug|Any CPU
		{8D7E12EA-22FA-4B3E-A80D-0AB523F6E634}.Debug|ARM.ActiveCfg = Debug|Any CPU
		{8D7E12EA-22FA-4B3E-A80D-0AB523F6E634}.Debug|ARM.Build.0 = Debug|Any CPU
		{8D7E12EA-22FA-4B3E-A80D-0AB523F6E634}.Debug|x64.ActiveCfg = Debug|Any CPU
		{8D7E12EA-22FA-4B3E-A80D-0AB523F6E634}.Debug|x64.Build.0 = Debug|Any CPU
		{8D7E12EA-22FA-4B3E-A80D-0AB523F6E634}.Debug|x86.ActiveCfg = Debug|Any CPU
		{8D7E12EA-22FA-4B3E-A80D-0AB523F6E634}.Debug|x86.Build.0 = Debug|Any CPU
		{8D7E12EA-22FA-4B3E-A80D-0AB523F6E634}.Release|Any CPU.ActiveCfg = Release|Any CPU
		{8D7E12EA-22FA-4B3E-A80D-0AB523F6E634}.Release|Any CPU.Build.0 = Release|Any CPU
		{8D7E12EA-22FA-4B3E-A80D-0AB523F6E634}.Release|ARM.ActiveCfg = Release|Any CPU
		{8D7E12EA-22FA-4B3E-A80D-0AB523F6E634}.Release|ARM.Build.0 = Release|Any CPU
		{8D7E12EA-22FA-4B3E-A80D-0AB523F6E634}.Release|x64.ActiveCfg = Release|Any CPU
		{8D7E12EA-22FA-4B3E-A80D-0AB523F6E634}.Release|x64.Build.0 = Release|Any CPU
		{8D7E12EA-22FA-4B3E-A80D-0AB523F6E634}.Release|x86.ActiveCfg = Release|Any CPU
		{8D7E12EA-22FA-4B3E-A80D-0AB523F6E634}.Release|x86.Build.0 = Release|Any CPU
		{1AE59523-EC03-4B99-BDA6-05B8C49000DE}.Debug|Any CPU.ActiveCfg = Debug|Any CPU
		{1AE59523-EC03-4B99-BDA6-05B8C49000DE}.Debug|Any CPU.Build.0 = Debug|Any CPU
		{1AE59523-EC03-4B99-BDA6-05B8C49000DE}.Debug|ARM.ActiveCfg = Debug|Any CPU
		{1AE59523-EC03-4B99-BDA6-05B8C49000DE}.Debug|ARM.Build.0 = Debug|Any CPU
		{1AE59523-EC03-4B99-BDA6-05B8C49000DE}.Debug|x64.ActiveCfg = Debug|Any CPU
		{1AE59523-EC03-4B99-BDA6-05B8C49000DE}.Debug|x64.Build.0 = Debug|Any CPU
		{1AE59523-EC03-4B99-BDA6-05B8C49000DE}.Debug|x86.ActiveCfg = Debug|Any CPU
		{1AE59523-EC03-4B99-BDA6-05B8C49000DE}.Debug|x86.Build.0 = Debug|Any CPU
		{1AE59523-EC03-4B99-BDA6-05B8C49000DE}.Release|Any CPU.ActiveCfg = Release|Any CPU
		{1AE59523-EC03-4B99-BDA6-05B8C49000DE}.Release|Any CPU.Build.0 = Release|Any CPU
		{1AE59523-EC03-4B99-BDA6-05B8C49000DE}.Release|ARM.ActiveCfg = Release|Any CPU
		{1AE59523-EC03-4B99-BDA6-05B8C49000DE}.Release|ARM.Build.0 = Release|Any CPU
		{1AE59523-EC03-4B99-BDA6-05B8C49000DE}.Release|x64.ActiveCfg = Release|Any CPU
		{1AE59523-EC03-4B99-BDA6-05B8C49000DE}.Release|x64.Build.0 = Release|Any CPU
		{1AE59523-EC03-4B99-BDA6-05B8C49000DE}.Release|x86.ActiveCfg = Release|Any CPU
		{1AE59523-EC03-4B99-BDA6-05B8C49000DE}.Release|x86.Build.0 = Release|Any CPU
	EndGlobalSection
	GlobalSection(SolutionProperties) = preSolution
		HideSolutionNode = FALSE
	EndGlobalSection
	GlobalSection(NestedProjects) = preSolution
		{CCED2DC9-B1BC-4A66-A7C3-488CF1DE3616} = {0ABE93F4-6D79-475C-9E76-3136A7D17D26}
		{CA416337-12D3-4406-85C8-2717FAB7A7D2} = {5F8D41B8-9780-4960-9071-3462BA179E23}
		{6D351EA3-9664-48F9-8937-EA14924755FE} = {B38271C0-D03D-4DA3-97A5-7F2183CE7D15}
		{1AD9F4C2-F7E0-4179-8938-D39A2D291BDF} = {5F8D41B8-9780-4960-9071-3462BA179E23}
		{DEBB89D5-7BA3-465C-B6D0-927FD61C0DFB} = {5F8D41B8-9780-4960-9071-3462BA179E23}
		{F13BAE0F-446F-4E54-8DFD-63776E94D33D} = {B38271C0-D03D-4DA3-97A5-7F2183CE7D15}
		{D97DE048-58C6-4F5F-B042-6A70264AC8D0} = {B38271C0-D03D-4DA3-97A5-7F2183CE7D15}
		{8D7E12EA-22FA-4B3E-A80D-0AB523F6E634} = {B38271C0-D03D-4DA3-97A5-7F2183CE7D15}
		{1AE59523-EC03-4B99-BDA6-05B8C49000DE} = {B38271C0-D03D-4DA3-97A5-7F2183CE7D15}
	EndGlobalSection
	GlobalSection(ExtensibilityGlobals) = postSolution
		SolutionGuid = {71F1B232-0397-414E-8924-5802CD14E62B}
	EndGlobalSection
EndGlobal
