
Microsoft Visual Studio Solution File, Format Version 12.00
# Visual Studio Version 16
VisualStudioVersion = 16.0.30320.27
MinimumVisualStudioVersion = 10.0.40219.1
Project("{9A19103F-16F7-4668-BE54-9A1E7A4F7556}") = "Money", "src\Money\Money.csproj", "{CCED2DC9-B1BC-4A66-A7C3-488CF1DE3616}"
EndProject
Project("{9A19103F-16F7-4668-BE54-9A1E7A4F7556}") = "Neptuo", "src\Neptuo\Neptuo.csproj", "{C637B589-5769-4661-9B6D-A34571A5AE08}"
EndProject
Project("{9A19103F-16F7-4668-BE54-9A1E7A4F7556}") = "Money.Models", "src\Money.Models\Money.Models.csproj", "{CA416337-12D3-4406-85C8-2717FAB7A7D2}"
EndProject
Project("{FAE04EC0-301F-11D3-BF4B-00C04F79EFBC}") = "Money.UI.Universal", "src\Money.UI.Universal\Money.UI.Universal.csproj", "{6D351EA3-9664-48F9-8937-EA14924755FE}"
EndProject
Project("{9A19103F-16F7-4668-BE54-9A1E7A4F7556}") = "Money.Models.EntityFrameworkCore", "src\Money.Models.EntityFrameworkCore\Money.Models.EntityFrameworkCore.csproj", "{1AD9F4C2-F7E0-4179-8938-D39A2D291BDF}"
EndProject
Project("{9A19103F-16F7-4668-BE54-9A1E7A4F7556}") = "Money.Models.Builders", "src\Money.Models.Builders\Money.Models.Builders.csproj", "{DEBB89D5-7BA3-465C-B6D0-927FD61C0DFB}"
EndProject
Project("{9A19103F-16F7-4668-BE54-9A1E7A4F7556}") = "Money.Blazor.Host", "src\Money.Blazor.Host\Money.Blazor.Host.csproj", "{F13BAE0F-446F-4E54-8DFD-63776E94D33D}"
EndProject
Project("{9A19103F-16F7-4668-BE54-9A1E7A4F7556}") = "Neptuo.Json", "src\Neptuo.Json\Neptuo.Json.csproj", "{2CEB371B-B0EF-4335-99E3-83F30B1EF21E}"
EndProject
Project("{9A19103F-16F7-4668-BE54-9A1E7A4F7556}") = "Neptuo.EntityFrameworkCore", "src\Neptuo.EntityFrameworkCore\Neptuo.EntityFrameworkCore.csproj", "{8D844524-F0FC-4DF7-9DF6-704327812309}"
EndProject
Project("{2150E333-8FDC-42A3-9474-1A3956D46DE8}") = "Domain", "Domain", "{0ABE93F4-6D79-475C-9E76-3136A7D17D26}"
EndProject
Project("{2150E333-8FDC-42A3-9474-1A3956D46DE8}") = "ReadModels", "ReadModels", "{5F8D41B8-9780-4960-9071-3462BA179E23}"
EndProject
Project("{2150E333-8FDC-42A3-9474-1A3956D46DE8}") = "UI", "UI", "{B38271C0-D03D-4DA3-97A5-7F2183CE7D15}"
EndProject
Project("{9A19103F-16F7-4668-BE54-9A1E7A4F7556}") = "Money.Api", "src\Money.Api\Money.Api.csproj", "{D97DE048-58C6-4F5F-B042-6A70264AC8D0}"
EndProject
Project("{9A19103F-16F7-4668-BE54-9A1E7A4F7556}") = "Money.Api.Shared", "src\Money.Api.Shared\Money.Api.Shared.csproj", "{8D7E12EA-22FA-4B3E-A80D-0AB523F6E634}"
EndProject
Project("{2150E333-8FDC-42A3-9474-1A3956D46DE8}") = "Tools", "Tools", "{F6F7B601-1856-404B-A115-B141EF31DD67}"
EndProject
Project("{9A19103F-16F7-4668-BE54-9A1E7A4F7556}") = "Money.DbContextDataMigrator", "src\Money.DbContextDataMigrator\Money.DbContextDataMigrator.csproj", "{CE788482-79F0-4BDA-AABA-0C3BB1BEECAC}"
EndProject
Project("{9A19103F-16F7-4668-BE54-9A1E7A4F7556}") = "Money.Blazor", "src\Money.Blazor\Money.Blazor.csproj", "{09E3B03C-3D6D-4599-9CA0-E0ED59798398}"
EndProject
Project("{2150E333-8FDC-42A3-9474-1A3956D46DE8}") = ".Baseline", ".Baseline", "{1D3C6094-2E8A-4A8F-9F1E-5A6450318F27}"
EndProject
Project("{9A19103F-16F7-4668-BE54-9A1E7A4F7556}") = "Money.EntityFrameworkCore", "src\Money.EntityFrameworkCore\Money.EntityFrameworkCore.csproj", "{9D7A506D-ACD8-4003-98C6-C0E8A82CCA3C}"
EndProject
Project("{9A19103F-16F7-4668-BE54-9A1E7A4F7556}") = "Money.EventSourcing.EntityFrameworkCore", "src\Money.EventSourcing.EntityFrameworkCore\Money.EventSourcing.EntityFrameworkCore.csproj", "{885756A7-3A1F-48D5-AD83-BF3F33005F69}"
EndProject
Project("{2150E333-8FDC-42A3-9474-1A3956D46DE8}") = "Accounts", "Accounts", "{0C30B161-05C8-4999-AE4A-93485FAC6110}"
EndProject
Project("{FAE04EC0-301F-11D3-BF4B-00C04F79EFBC}") = "Money.Accounts.EntityFrameworkCore", "src\Money.Accounts.EntityFrameworkCore\Money.Accounts.EntityFrameworkCore.csproj", "{81A243CB-E24C-4364-872E-CBB916ECCB96}"
EndProject
Project("{FAE04EC0-301F-11D3-BF4B-00C04F79EFBC}") = "Money.Accounts", "src\Money.Accounts\Money.Accounts.csproj", "{ABB8BFA5-4A8D-4B2D-B7AB-2C30D546EDFE}"
EndProject
Project("{FAE04EC0-301F-11D3-BF4B-00C04F79EFBC}") = "Money.Accounts.Models", "src\Money.Accounts.Models\Money.Accounts.Models.csproj", "{72D0389B-704D-4E76-9692-962256246E55}"
EndProject
Project("{FAE04EC0-301F-11D3-BF4B-00C04F79EFBC}") = "Money.Accounts.Models.Builders", "src\Money.Accounts.Models.Builders\Money.Accounts.Models.Builders.csproj", "{6738A2D0-7B18-4CF2-B18E-8C68645B85E4}"
EndProject
Global
	GlobalSection(SolutionConfigurationPlatforms) = preSolution
		Debug|Any CPU = Debug|Any CPU
		Debug|ARM = Debug|ARM
		Debug|x64 = Debug|x64
		Debug|x86 = Debug|x86
		Release|Any CPU = Release|Any CPU
		Release|ARM = Release|ARM
		Release|x64 = Release|x64
		Release|x86 = Release|x86
	EndGlobalSection
	GlobalSection(ProjectConfigurationPlatforms) = postSolution
		{CCED2DC9-B1BC-4A66-A7C3-488CF1DE3616}.Debug|Any CPU.ActiveCfg = Debug|Any CPU
		{CCED2DC9-B1BC-4A66-A7C3-488CF1DE3616}.Debug|Any CPU.Build.0 = Debug|Any CPU
		{CCED2DC9-B1BC-4A66-A7C3-488CF1DE3616}.Debug|ARM.ActiveCfg = Debug|Any CPU
		{CCED2DC9-B1BC-4A66-A7C3-488CF1DE3616}.Debug|ARM.Build.0 = Debug|Any CPU
		{CCED2DC9-B1BC-4A66-A7C3-488CF1DE3616}.Debug|x64.ActiveCfg = Debug|Any CPU
		{CCED2DC9-B1BC-4A66-A7C3-488CF1DE3616}.Debug|x64.Build.0 = Debug|Any CPU
		{CCED2DC9-B1BC-4A66-A7C3-488CF1DE3616}.Debug|x86.ActiveCfg = Debug|Any CPU
		{CCED2DC9-B1BC-4A66-A7C3-488CF1DE3616}.Debug|x86.Build.0 = Debug|Any CPU
		{CCED2DC9-B1BC-4A66-A7C3-488CF1DE3616}.Release|Any CPU.ActiveCfg = Release|Any CPU
		{CCED2DC9-B1BC-4A66-A7C3-488CF1DE3616}.Release|Any CPU.Build.0 = Release|Any CPU
		{CCED2DC9-B1BC-4A66-A7C3-488CF1DE3616}.Release|ARM.ActiveCfg = Release|Any CPU
		{CCED2DC9-B1BC-4A66-A7C3-488CF1DE3616}.Release|ARM.Build.0 = Release|Any CPU
		{CCED2DC9-B1BC-4A66-A7C3-488CF1DE3616}.Release|x64.ActiveCfg = Release|Any CPU
		{CCED2DC9-B1BC-4A66-A7C3-488CF1DE3616}.Release|x64.Build.0 = Release|Any CPU
		{CCED2DC9-B1BC-4A66-A7C3-488CF1DE3616}.Release|x86.ActiveCfg = Release|Any CPU
		{CCED2DC9-B1BC-4A66-A7C3-488CF1DE3616}.Release|x86.Build.0 = Release|Any CPU
		{C637B589-5769-4661-9B6D-A34571A5AE08}.Debug|Any CPU.ActiveCfg = Debug|Any CPU
		{C637B589-5769-4661-9B6D-A34571A5AE08}.Debug|Any CPU.Build.0 = Debug|Any CPU
		{C637B589-5769-4661-9B6D-A34571A5AE08}.Debug|ARM.ActiveCfg = Debug|Any CPU
		{C637B589-5769-4661-9B6D-A34571A5AE08}.Debug|ARM.Build.0 = Debug|Any CPU
		{C637B589-5769-4661-9B6D-A34571A5AE08}.Debug|x64.ActiveCfg = Debug|Any CPU
		{C637B589-5769-4661-9B6D-A34571A5AE08}.Debug|x64.Build.0 = Debug|Any CPU
		{C637B589-5769-4661-9B6D-A34571A5AE08}.Debug|x86.ActiveCfg = Debug|Any CPU
		{C637B589-5769-4661-9B6D-A34571A5AE08}.Debug|x86.Build.0 = Debug|Any CPU
		{C637B589-5769-4661-9B6D-A34571A5AE08}.Release|Any CPU.ActiveCfg = Release|Any CPU
		{C637B589-5769-4661-9B6D-A34571A5AE08}.Release|Any CPU.Build.0 = Release|Any CPU
		{C637B589-5769-4661-9B6D-A34571A5AE08}.Release|ARM.ActiveCfg = Release|Any CPU
		{C637B589-5769-4661-9B6D-A34571A5AE08}.Release|ARM.Build.0 = Release|Any CPU
		{C637B589-5769-4661-9B6D-A34571A5AE08}.Release|x64.ActiveCfg = Release|Any CPU
		{C637B589-5769-4661-9B6D-A34571A5AE08}.Release|x64.Build.0 = Release|Any CPU
		{C637B589-5769-4661-9B6D-A34571A5AE08}.Release|x86.ActiveCfg = Release|Any CPU
		{C637B589-5769-4661-9B6D-A34571A5AE08}.Release|x86.Build.0 = Release|Any CPU
		{CA416337-12D3-4406-85C8-2717FAB7A7D2}.Debug|Any CPU.ActiveCfg = Debug|Any CPU
		{CA416337-12D3-4406-85C8-2717FAB7A7D2}.Debug|Any CPU.Build.0 = Debug|Any CPU
		{CA416337-12D3-4406-85C8-2717FAB7A7D2}.Debug|ARM.ActiveCfg = Debug|Any CPU
		{CA416337-12D3-4406-85C8-2717FAB7A7D2}.Debug|ARM.Build.0 = Debug|Any CPU
		{CA416337-12D3-4406-85C8-2717FAB7A7D2}.Debug|x64.ActiveCfg = Debug|Any CPU
		{CA416337-12D3-4406-85C8-2717FAB7A7D2}.Debug|x64.Build.0 = Debug|Any CPU
		{CA416337-12D3-4406-85C8-2717FAB7A7D2}.Debug|x86.ActiveCfg = Debug|Any CPU
		{CA416337-12D3-4406-85C8-2717FAB7A7D2}.Debug|x86.Build.0 = Debug|Any CPU
		{CA416337-12D3-4406-85C8-2717FAB7A7D2}.Release|Any CPU.ActiveCfg = Release|Any CPU
		{CA416337-12D3-4406-85C8-2717FAB7A7D2}.Release|Any CPU.Build.0 = Release|Any CPU
		{CA416337-12D3-4406-85C8-2717FAB7A7D2}.Release|ARM.ActiveCfg = Release|Any CPU
		{CA416337-12D3-4406-85C8-2717FAB7A7D2}.Release|ARM.Build.0 = Release|Any CPU
		{CA416337-12D3-4406-85C8-2717FAB7A7D2}.Release|x64.ActiveCfg = Release|Any CPU
		{CA416337-12D3-4406-85C8-2717FAB7A7D2}.Release|x64.Build.0 = Release|Any CPU
		{CA416337-12D3-4406-85C8-2717FAB7A7D2}.Release|x86.ActiveCfg = Release|Any CPU
		{CA416337-12D3-4406-85C8-2717FAB7A7D2}.Release|x86.Build.0 = Release|Any CPU
		{6D351EA3-9664-48F9-8937-EA14924755FE}.Debug|Any CPU.ActiveCfg = Debug|x86
		{6D351EA3-9664-48F9-8937-EA14924755FE}.Debug|Any CPU.Build.0 = Debug|x86
		{6D351EA3-9664-48F9-8937-EA14924755FE}.Debug|Any CPU.Deploy.0 = Debug|x86
		{6D351EA3-9664-48F9-8937-EA14924755FE}.Debug|ARM.ActiveCfg = Debug|ARM
		{6D351EA3-9664-48F9-8937-EA14924755FE}.Debug|ARM.Build.0 = Debug|ARM
		{6D351EA3-9664-48F9-8937-EA14924755FE}.Debug|ARM.Deploy.0 = Debug|ARM
		{6D351EA3-9664-48F9-8937-EA14924755FE}.Debug|x64.ActiveCfg = Debug|x64
		{6D351EA3-9664-48F9-8937-EA14924755FE}.Debug|x64.Build.0 = Debug|x64
		{6D351EA3-9664-48F9-8937-EA14924755FE}.Debug|x64.Deploy.0 = Debug|x64
		{6D351EA3-9664-48F9-8937-EA14924755FE}.Debug|x86.ActiveCfg = Debug|x86
		{6D351EA3-9664-48F9-8937-EA14924755FE}.Debug|x86.Build.0 = Debug|x86
		{6D351EA3-9664-48F9-8937-EA14924755FE}.Debug|x86.Deploy.0 = Debug|x86
		{6D351EA3-9664-48F9-8937-EA14924755FE}.Release|Any CPU.ActiveCfg = Release|x86
		{6D351EA3-9664-48F9-8937-EA14924755FE}.Release|Any CPU.Build.0 = Release|x86
		{6D351EA3-9664-48F9-8937-EA14924755FE}.Release|Any CPU.Deploy.0 = Release|x86
		{6D351EA3-9664-48F9-8937-EA14924755FE}.Release|ARM.ActiveCfg = Release|ARM
		{6D351EA3-9664-48F9-8937-EA14924755FE}.Release|ARM.Build.0 = Release|ARM
		{6D351EA3-9664-48F9-8937-EA14924755FE}.Release|ARM.Deploy.0 = Release|ARM
		{6D351EA3-9664-48F9-8937-EA14924755FE}.Release|x64.ActiveCfg = Release|x64
		{6D351EA3-9664-48F9-8937-EA14924755FE}.Release|x64.Build.0 = Release|x64
		{6D351EA3-9664-48F9-8937-EA14924755FE}.Release|x64.Deploy.0 = Release|x64
		{6D351EA3-9664-48F9-8937-EA14924755FE}.Release|x86.ActiveCfg = Release|x86
		{6D351EA3-9664-48F9-8937-EA14924755FE}.Release|x86.Build.0 = Release|x86
		{6D351EA3-9664-48F9-8937-EA14924755FE}.Release|x86.Deploy.0 = Release|x86
		{1AD9F4C2-F7E0-4179-8938-D39A2D291BDF}.Debug|Any CPU.ActiveCfg = Debug|Any CPU
		{1AD9F4C2-F7E0-4179-8938-D39A2D291BDF}.Debug|Any CPU.Build.0 = Debug|Any CPU
		{1AD9F4C2-F7E0-4179-8938-D39A2D291BDF}.Debug|ARM.ActiveCfg = Debug|Any CPU
		{1AD9F4C2-F7E0-4179-8938-D39A2D291BDF}.Debug|ARM.Build.0 = Debug|Any CPU
		{1AD9F4C2-F7E0-4179-8938-D39A2D291BDF}.Debug|x64.ActiveCfg = Debug|Any CPU
		{1AD9F4C2-F7E0-4179-8938-D39A2D291BDF}.Debug|x64.Build.0 = Debug|Any CPU
		{1AD9F4C2-F7E0-4179-8938-D39A2D291BDF}.Debug|x86.ActiveCfg = Debug|Any CPU
		{1AD9F4C2-F7E0-4179-8938-D39A2D291BDF}.Debug|x86.Build.0 = Debug|Any CPU
		{1AD9F4C2-F7E0-4179-8938-D39A2D291BDF}.Release|Any CPU.ActiveCfg = Release|Any CPU
		{1AD9F4C2-F7E0-4179-8938-D39A2D291BDF}.Release|Any CPU.Build.0 = Release|Any CPU
		{1AD9F4C2-F7E0-4179-8938-D39A2D291BDF}.Release|ARM.ActiveCfg = Release|Any CPU
		{1AD9F4C2-F7E0-4179-8938-D39A2D291BDF}.Release|ARM.Build.0 = Release|Any CPU
		{1AD9F4C2-F7E0-4179-8938-D39A2D291BDF}.Release|x64.ActiveCfg = Release|Any CPU
		{1AD9F4C2-F7E0-4179-8938-D39A2D291BDF}.Release|x64.Build.0 = Release|Any CPU
		{1AD9F4C2-F7E0-4179-8938-D39A2D291BDF}.Release|x86.ActiveCfg = Release|Any CPU
		{1AD9F4C2-F7E0-4179-8938-D39A2D291BDF}.Release|x86.Build.0 = Release|Any CPU
		{DEBB89D5-7BA3-465C-B6D0-927FD61C0DFB}.Debug|Any CPU.ActiveCfg = Debug|Any CPU
		{DEBB89D5-7BA3-465C-B6D0-927FD61C0DFB}.Debug|Any CPU.Build.0 = Debug|Any CPU
		{DEBB89D5-7BA3-465C-B6D0-927FD61C0DFB}.Debug|ARM.ActiveCfg = Debug|Any CPU
		{DEBB89D5-7BA3-465C-B6D0-927FD61C0DFB}.Debug|ARM.Build.0 = Debug|Any CPU
		{DEBB89D5-7BA3-465C-B6D0-927FD61C0DFB}.Debug|x64.ActiveCfg = Debug|Any CPU
		{DEBB89D5-7BA3-465C-B6D0-927FD61C0DFB}.Debug|x64.Build.0 = Debug|Any CPU
		{DEBB89D5-7BA3-465C-B6D0-927FD61C0DFB}.Debug|x86.ActiveCfg = Debug|Any CPU
		{DEBB89D5-7BA3-465C-B6D0-927FD61C0DFB}.Debug|x86.Build.0 = Debug|Any CPU
		{DEBB89D5-7BA3-465C-B6D0-927FD61C0DFB}.Release|Any CPU.ActiveCfg = Release|Any CPU
		{DEBB89D5-7BA3-465C-B6D0-927FD61C0DFB}.Release|Any CPU.Build.0 = Release|Any CPU
		{DEBB89D5-7BA3-465C-B6D0-927FD61C0DFB}.Release|ARM.ActiveCfg = Release|Any CPU
		{DEBB89D5-7BA3-465C-B6D0-927FD61C0DFB}.Release|ARM.Build.0 = Release|Any CPU
		{DEBB89D5-7BA3-465C-B6D0-927FD61C0DFB}.Release|x64.ActiveCfg = Release|Any CPU
		{DEBB89D5-7BA3-465C-B6D0-927FD61C0DFB}.Release|x64.Build.0 = Release|Any CPU
		{DEBB89D5-7BA3-465C-B6D0-927FD61C0DFB}.Release|x86.ActiveCfg = Release|Any CPU
		{DEBB89D5-7BA3-465C-B6D0-927FD61C0DFB}.Release|x86.Build.0 = Release|Any CPU
		{F13BAE0F-446F-4E54-8DFD-63776E94D33D}.Debug|Any CPU.ActiveCfg = Debug|Any CPU
		{F13BAE0F-446F-4E54-8DFD-63776E94D33D}.Debug|Any CPU.Build.0 = Debug|Any CPU
		{F13BAE0F-446F-4E54-8DFD-63776E94D33D}.Debug|ARM.ActiveCfg = Debug|Any CPU
		{F13BAE0F-446F-4E54-8DFD-63776E94D33D}.Debug|ARM.Build.0 = Debug|Any CPU
		{F13BAE0F-446F-4E54-8DFD-63776E94D33D}.Debug|x64.ActiveCfg = Debug|Any CPU
		{F13BAE0F-446F-4E54-8DFD-63776E94D33D}.Debug|x64.Build.0 = Debug|Any CPU
		{F13BAE0F-446F-4E54-8DFD-63776E94D33D}.Debug|x86.ActiveCfg = Debug|Any CPU
		{F13BAE0F-446F-4E54-8DFD-63776E94D33D}.Debug|x86.Build.0 = Debug|Any CPU
		{F13BAE0F-446F-4E54-8DFD-63776E94D33D}.Release|Any CPU.ActiveCfg = Release|Any CPU
		{F13BAE0F-446F-4E54-8DFD-63776E94D33D}.Release|Any CPU.Build.0 = Release|Any CPU
		{F13BAE0F-446F-4E54-8DFD-63776E94D33D}.Release|ARM.ActiveCfg = Release|Any CPU
		{F13BAE0F-446F-4E54-8DFD-63776E94D33D}.Release|ARM.Build.0 = Release|Any CPU
		{F13BAE0F-446F-4E54-8DFD-63776E94D33D}.Release|x64.ActiveCfg = Release|Any CPU
		{F13BAE0F-446F-4E54-8DFD-63776E94D33D}.Release|x64.Build.0 = Release|Any CPU
		{F13BAE0F-446F-4E54-8DFD-63776E94D33D}.Release|x86.ActiveCfg = Release|Any CPU
		{F13BAE0F-446F-4E54-8DFD-63776E94D33D}.Release|x86.Build.0 = Release|Any CPU
		{2CEB371B-B0EF-4335-99E3-83F30B1EF21E}.Debug|Any CPU.ActiveCfg = Debug|Any CPU
		{2CEB371B-B0EF-4335-99E3-83F30B1EF21E}.Debug|Any CPU.Build.0 = Debug|Any CPU
		{2CEB371B-B0EF-4335-99E3-83F30B1EF21E}.Debug|ARM.ActiveCfg = Debug|Any CPU
		{2CEB371B-B0EF-4335-99E3-83F30B1EF21E}.Debug|ARM.Build.0 = Debug|Any CPU
		{2CEB371B-B0EF-4335-99E3-83F30B1EF21E}.Debug|x64.ActiveCfg = Debug|Any CPU
		{2CEB371B-B0EF-4335-99E3-83F30B1EF21E}.Debug|x64.Build.0 = Debug|Any CPU
		{2CEB371B-B0EF-4335-99E3-83F30B1EF21E}.Debug|x86.ActiveCfg = Debug|Any CPU
		{2CEB371B-B0EF-4335-99E3-83F30B1EF21E}.Debug|x86.Build.0 = Debug|Any CPU
		{2CEB371B-B0EF-4335-99E3-83F30B1EF21E}.Release|Any CPU.ActiveCfg = Release|Any CPU
		{2CEB371B-B0EF-4335-99E3-83F30B1EF21E}.Release|Any CPU.Build.0 = Release|Any CPU
		{2CEB371B-B0EF-4335-99E3-83F30B1EF21E}.Release|ARM.ActiveCfg = Release|Any CPU
		{2CEB371B-B0EF-4335-99E3-83F30B1EF21E}.Release|ARM.Build.0 = Release|Any CPU
		{2CEB371B-B0EF-4335-99E3-83F30B1EF21E}.Release|x64.ActiveCfg = Release|Any CPU
		{2CEB371B-B0EF-4335-99E3-83F30B1EF21E}.Release|x64.Build.0 = Release|Any CPU
		{2CEB371B-B0EF-4335-99E3-83F30B1EF21E}.Release|x86.ActiveCfg = Release|Any CPU
		{2CEB371B-B0EF-4335-99E3-83F30B1EF21E}.Release|x86.Build.0 = Release|Any CPU
		{8D844524-F0FC-4DF7-9DF6-704327812309}.Debug|Any CPU.ActiveCfg = Debug|Any CPU
		{8D844524-F0FC-4DF7-9DF6-704327812309}.Debug|Any CPU.Build.0 = Debug|Any CPU
		{8D844524-F0FC-4DF7-9DF6-704327812309}.Debug|ARM.ActiveCfg = Debug|Any CPU
		{8D844524-F0FC-4DF7-9DF6-704327812309}.Debug|ARM.Build.0 = Debug|Any CPU
		{8D844524-F0FC-4DF7-9DF6-704327812309}.Debug|x64.ActiveCfg = Debug|Any CPU
		{8D844524-F0FC-4DF7-9DF6-704327812309}.Debug|x64.Build.0 = Debug|Any CPU
		{8D844524-F0FC-4DF7-9DF6-704327812309}.Debug|x86.ActiveCfg = Debug|Any CPU
		{8D844524-F0FC-4DF7-9DF6-704327812309}.Debug|x86.Build.0 = Debug|Any CPU
		{8D844524-F0FC-4DF7-9DF6-704327812309}.Release|Any CPU.ActiveCfg = Release|Any CPU
		{8D844524-F0FC-4DF7-9DF6-704327812309}.Release|Any CPU.Build.0 = Release|Any CPU
		{8D844524-F0FC-4DF7-9DF6-704327812309}.Release|ARM.ActiveCfg = Release|Any CPU
		{8D844524-F0FC-4DF7-9DF6-704327812309}.Release|ARM.Build.0 = Release|Any CPU
		{8D844524-F0FC-4DF7-9DF6-704327812309}.Release|x64.ActiveCfg = Release|Any CPU
		{8D844524-F0FC-4DF7-9DF6-704327812309}.Release|x64.Build.0 = Release|Any CPU
		{8D844524-F0FC-4DF7-9DF6-704327812309}.Release|x86.ActiveCfg = Release|Any CPU
		{8D844524-F0FC-4DF7-9DF6-704327812309}.Release|x86.Build.0 = Release|Any CPU
		{D97DE048-58C6-4F5F-B042-6A70264AC8D0}.Debug|Any CPU.ActiveCfg = Debug|Any CPU
		{D97DE048-58C6-4F5F-B042-6A70264AC8D0}.Debug|Any CPU.Build.0 = Debug|Any CPU
		{D97DE048-58C6-4F5F-B042-6A70264AC8D0}.Debug|ARM.ActiveCfg = Debug|Any CPU
		{D97DE048-58C6-4F5F-B042-6A70264AC8D0}.Debug|ARM.Build.0 = Debug|Any CPU
		{D97DE048-58C6-4F5F-B042-6A70264AC8D0}.Debug|x64.ActiveCfg = Debug|Any CPU
		{D97DE048-58C6-4F5F-B042-6A70264AC8D0}.Debug|x64.Build.0 = Debug|Any CPU
		{D97DE048-58C6-4F5F-B042-6A70264AC8D0}.Debug|x86.ActiveCfg = Debug|Any CPU
		{D97DE048-58C6-4F5F-B042-6A70264AC8D0}.Debug|x86.Build.0 = Debug|Any CPU
		{D97DE048-58C6-4F5F-B042-6A70264AC8D0}.Release|Any CPU.ActiveCfg = Release|Any CPU
		{D97DE048-58C6-4F5F-B042-6A70264AC8D0}.Release|Any CPU.Build.0 = Release|Any CPU
		{D97DE048-58C6-4F5F-B042-6A70264AC8D0}.Release|ARM.ActiveCfg = Release|Any CPU
		{D97DE048-58C6-4F5F-B042-6A70264AC8D0}.Release|ARM.Build.0 = Release|Any CPU
		{D97DE048-58C6-4F5F-B042-6A70264AC8D0}.Release|x64.ActiveCfg = Release|Any CPU
		{D97DE048-58C6-4F5F-B042-6A70264AC8D0}.Release|x64.Build.0 = Release|Any CPU
		{D97DE048-58C6-4F5F-B042-6A70264AC8D0}.Release|x86.ActiveCfg = Release|Any CPU
		{D97DE048-58C6-4F5F-B042-6A70264AC8D0}.Release|x86.Build.0 = Release|Any CPU
		{8D7E12EA-22FA-4B3E-A80D-0AB523F6E634}.Debug|Any CPU.ActiveCfg = Debug|Any CPU
		{8D7E12EA-22FA-4B3E-A80D-0AB523F6E634}.Debug|Any CPU.Build.0 = Debug|Any CPU
		{8D7E12EA-22FA-4B3E-A80D-0AB523F6E634}.Debug|ARM.ActiveCfg = Debug|Any CPU
		{8D7E12EA-22FA-4B3E-A80D-0AB523F6E634}.Debug|ARM.Build.0 = Debug|Any CPU
		{8D7E12EA-22FA-4B3E-A80D-0AB523F6E634}.Debug|x64.ActiveCfg = Debug|Any CPU
		{8D7E12EA-22FA-4B3E-A80D-0AB523F6E634}.Debug|x64.Build.0 = Debug|Any CPU
		{8D7E12EA-22FA-4B3E-A80D-0AB523F6E634}.Debug|x86.ActiveCfg = Debug|Any CPU
		{8D7E12EA-22FA-4B3E-A80D-0AB523F6E634}.Debug|x86.Build.0 = Debug|Any CPU
		{8D7E12EA-22FA-4B3E-A80D-0AB523F6E634}.Release|Any CPU.ActiveCfg = Release|Any CPU
		{8D7E12EA-22FA-4B3E-A80D-0AB523F6E634}.Release|Any CPU.Build.0 = Release|Any CPU
		{8D7E12EA-22FA-4B3E-A80D-0AB523F6E634}.Release|ARM.ActiveCfg = Release|Any CPU
		{8D7E12EA-22FA-4B3E-A80D-0AB523F6E634}.Release|ARM.Build.0 = Release|Any CPU
		{8D7E12EA-22FA-4B3E-A80D-0AB523F6E634}.Release|x64.ActiveCfg = Release|Any CPU
		{8D7E12EA-22FA-4B3E-A80D-0AB523F6E634}.Release|x64.Build.0 = Release|Any CPU
		{8D7E12EA-22FA-4B3E-A80D-0AB523F6E634}.Release|x86.ActiveCfg = Release|Any CPU
		{8D7E12EA-22FA-4B3E-A80D-0AB523F6E634}.Release|x86.Build.0 = Release|Any CPU
		{CE788482-79F0-4BDA-AABA-0C3BB1BEECAC}.Debug|Any CPU.ActiveCfg = Debug|Any CPU
		{CE788482-79F0-4BDA-AABA-0C3BB1BEECAC}.Debug|Any CPU.Build.0 = Debug|Any CPU
		{CE788482-79F0-4BDA-AABA-0C3BB1BEECAC}.Debug|ARM.ActiveCfg = Debug|Any CPU
		{CE788482-79F0-4BDA-AABA-0C3BB1BEECAC}.Debug|ARM.Build.0 = Debug|Any CPU
		{CE788482-79F0-4BDA-AABA-0C3BB1BEECAC}.Debug|x64.ActiveCfg = Debug|Any CPU
		{CE788482-79F0-4BDA-AABA-0C3BB1BEECAC}.Debug|x64.Build.0 = Debug|Any CPU
		{CE788482-79F0-4BDA-AABA-0C3BB1BEECAC}.Debug|x86.ActiveCfg = Debug|Any CPU
		{CE788482-79F0-4BDA-AABA-0C3BB1BEECAC}.Debug|x86.Build.0 = Debug|Any CPU
		{CE788482-79F0-4BDA-AABA-0C3BB1BEECAC}.Release|Any CPU.ActiveCfg = Release|Any CPU
		{CE788482-79F0-4BDA-AABA-0C3BB1BEECAC}.Release|Any CPU.Build.0 = Release|Any CPU
		{CE788482-79F0-4BDA-AABA-0C3BB1BEECAC}.Release|ARM.ActiveCfg = Release|Any CPU
		{CE788482-79F0-4BDA-AABA-0C3BB1BEECAC}.Release|ARM.Build.0 = Release|Any CPU
		{CE788482-79F0-4BDA-AABA-0C3BB1BEECAC}.Release|x64.ActiveCfg = Release|Any CPU
		{CE788482-79F0-4BDA-AABA-0C3BB1BEECAC}.Release|x64.Build.0 = Release|Any CPU
		{CE788482-79F0-4BDA-AABA-0C3BB1BEECAC}.Release|x86.ActiveCfg = Release|Any CPU
		{CE788482-79F0-4BDA-AABA-0C3BB1BEECAC}.Release|x86.Build.0 = Release|Any CPU
		{09E3B03C-3D6D-4599-9CA0-E0ED59798398}.Debug|Any CPU.ActiveCfg = Debug|Any CPU
		{09E3B03C-3D6D-4599-9CA0-E0ED59798398}.Debug|Any CPU.Build.0 = Debug|Any CPU
		{09E3B03C-3D6D-4599-9CA0-E0ED59798398}.Debug|ARM.ActiveCfg = Debug|Any CPU
		{09E3B03C-3D6D-4599-9CA0-E0ED59798398}.Debug|ARM.Build.0 = Debug|Any CPU
		{09E3B03C-3D6D-4599-9CA0-E0ED59798398}.Debug|x64.ActiveCfg = Debug|Any CPU
		{09E3B03C-3D6D-4599-9CA0-E0ED59798398}.Debug|x64.Build.0 = Debug|Any CPU
		{09E3B03C-3D6D-4599-9CA0-E0ED59798398}.Debug|x86.ActiveCfg = Debug|Any CPU
		{09E3B03C-3D6D-4599-9CA0-E0ED59798398}.Debug|x86.Build.0 = Debug|Any CPU
		{09E3B03C-3D6D-4599-9CA0-E0ED59798398}.Release|Any CPU.ActiveCfg = Release|Any CPU
		{09E3B03C-3D6D-4599-9CA0-E0ED59798398}.Release|Any CPU.Build.0 = Release|Any CPU
		{09E3B03C-3D6D-4599-9CA0-E0ED59798398}.Release|ARM.ActiveCfg = Release|Any CPU
		{09E3B03C-3D6D-4599-9CA0-E0ED59798398}.Release|ARM.Build.0 = Release|Any CPU
		{09E3B03C-3D6D-4599-9CA0-E0ED59798398}.Release|x64.ActiveCfg = Release|Any CPU
		{09E3B03C-3D6D-4599-9CA0-E0ED59798398}.Release|x64.Build.0 = Release|Any CPU
		{09E3B03C-3D6D-4599-9CA0-E0ED59798398}.Release|x86.ActiveCfg = Release|Any CPU
		{09E3B03C-3D6D-4599-9CA0-E0ED59798398}.Release|x86.Build.0 = Release|Any CPU
		{9D7A506D-ACD8-4003-98C6-C0E8A82CCA3C}.Debug|Any CPU.ActiveCfg = Debug|Any CPU
		{9D7A506D-ACD8-4003-98C6-C0E8A82CCA3C}.Debug|Any CPU.Build.0 = Debug|Any CPU
		{9D7A506D-ACD8-4003-98C6-C0E8A82CCA3C}.Debug|ARM.ActiveCfg = Debug|Any CPU
		{9D7A506D-ACD8-4003-98C6-C0E8A82CCA3C}.Debug|ARM.Build.0 = Debug|Any CPU
		{9D7A506D-ACD8-4003-98C6-C0E8A82CCA3C}.Debug|x64.ActiveCfg = Debug|Any CPU
		{9D7A506D-ACD8-4003-98C6-C0E8A82CCA3C}.Debug|x64.Build.0 = Debug|Any CPU
		{9D7A506D-ACD8-4003-98C6-C0E8A82CCA3C}.Debug|x86.ActiveCfg = Debug|Any CPU
		{9D7A506D-ACD8-4003-98C6-C0E8A82CCA3C}.Debug|x86.Build.0 = Debug|Any CPU
		{9D7A506D-ACD8-4003-98C6-C0E8A82CCA3C}.Release|Any CPU.ActiveCfg = Release|Any CPU
		{9D7A506D-ACD8-4003-98C6-C0E8A82CCA3C}.Release|Any CPU.Build.0 = Release|Any CPU
		{9D7A506D-ACD8-4003-98C6-C0E8A82CCA3C}.Release|ARM.ActiveCfg = Release|Any CPU
		{9D7A506D-ACD8-4003-98C6-C0E8A82CCA3C}.Release|ARM.Build.0 = Release|Any CPU
		{9D7A506D-ACD8-4003-98C6-C0E8A82CCA3C}.Release|x64.ActiveCfg = Release|Any CPU
		{9D7A506D-ACD8-4003-98C6-C0E8A82CCA3C}.Release|x64.Build.0 = Release|Any CPU
		{9D7A506D-ACD8-4003-98C6-C0E8A82CCA3C}.Release|x86.ActiveCfg = Release|Any CPU
		{9D7A506D-ACD8-4003-98C6-C0E8A82CCA3C}.Release|x86.Build.0 = Release|Any CPU
		{885756A7-3A1F-48D5-AD83-BF3F33005F69}.Debug|Any CPU.ActiveCfg = Debug|Any CPU
		{885756A7-3A1F-48D5-AD83-BF3F33005F69}.Debug|Any CPU.Build.0 = Debug|Any CPU
		{885756A7-3A1F-48D5-AD83-BF3F33005F69}.Debug|ARM.ActiveCfg = Debug|Any CPU
		{885756A7-3A1F-48D5-AD83-BF3F33005F69}.Debug|ARM.Build.0 = Debug|Any CPU
		{885756A7-3A1F-48D5-AD83-BF3F33005F69}.Debug|x64.ActiveCfg = Debug|Any CPU
		{885756A7-3A1F-48D5-AD83-BF3F33005F69}.Debug|x64.Build.0 = Debug|Any CPU
		{885756A7-3A1F-48D5-AD83-BF3F33005F69}.Debug|x86.ActiveCfg = Debug|Any CPU
		{885756A7-3A1F-48D5-AD83-BF3F33005F69}.Debug|x86.Build.0 = Debug|Any CPU
		{885756A7-3A1F-48D5-AD83-BF3F33005F69}.Release|Any CPU.ActiveCfg = Release|Any CPU
		{885756A7-3A1F-48D5-AD83-BF3F33005F69}.Release|Any CPU.Build.0 = Release|Any CPU
		{885756A7-3A1F-48D5-AD83-BF3F33005F69}.Release|ARM.ActiveCfg = Release|Any CPU
		{885756A7-3A1F-48D5-AD83-BF3F33005F69}.Release|ARM.Build.0 = Release|Any CPU
		{885756A7-3A1F-48D5-AD83-BF3F33005F69}.Release|x64.ActiveCfg = Release|Any CPU
		{885756A7-3A1F-48D5-AD83-BF3F33005F69}.Release|x64.Build.0 = Release|Any CPU
		{885756A7-3A1F-48D5-AD83-BF3F33005F69}.Release|x86.ActiveCfg = Release|Any CPU
		{885756A7-3A1F-48D5-AD83-BF3F33005F69}.Release|x86.Build.0 = Release|Any CPU
		{81A243CB-E24C-4364-872E-CBB916ECCB96}.Debug|Any CPU.ActiveCfg = Debug|Any CPU
		{81A243CB-E24C-4364-872E-CBB916ECCB96}.Debug|Any CPU.Build.0 = Debug|Any CPU
		{81A243CB-E24C-4364-872E-CBB916ECCB96}.Debug|ARM.ActiveCfg = Debug|Any CPU
		{81A243CB-E24C-4364-872E-CBB916ECCB96}.Debug|ARM.Build.0 = Debug|Any CPU
		{81A243CB-E24C-4364-872E-CBB916ECCB96}.Debug|x64.ActiveCfg = Debug|Any CPU
		{81A243CB-E24C-4364-872E-CBB916ECCB96}.Debug|x64.Build.0 = Debug|Any CPU
		{81A243CB-E24C-4364-872E-CBB916ECCB96}.Debug|x86.ActiveCfg = Debug|Any CPU
		{81A243CB-E24C-4364-872E-CBB916ECCB96}.Debug|x86.Build.0 = Debug|Any CPU
		{81A243CB-E24C-4364-872E-CBB916ECCB96}.Release|Any CPU.ActiveCfg = Release|Any CPU
		{81A243CB-E24C-4364-872E-CBB916ECCB96}.Release|Any CPU.Build.0 = Release|Any CPU
		{81A243CB-E24C-4364-872E-CBB916ECCB96}.Release|ARM.ActiveCfg = Release|Any CPU
		{81A243CB-E24C-4364-872E-CBB916ECCB96}.Release|ARM.Build.0 = Release|Any CPU
		{81A243CB-E24C-4364-872E-CBB916ECCB96}.Release|x64.ActiveCfg = Release|Any CPU
		{81A243CB-E24C-4364-872E-CBB916ECCB96}.Release|x64.Build.0 = Release|Any CPU
		{81A243CB-E24C-4364-872E-CBB916ECCB96}.Release|x86.ActiveCfg = Release|Any CPU
		{81A243CB-E24C-4364-872E-CBB916ECCB96}.Release|x86.Build.0 = Release|Any CPU
		{ABB8BFA5-4A8D-4B2D-B7AB-2C30D546EDFE}.Debug|Any CPU.ActiveCfg = Debug|Any CPU
		{ABB8BFA5-4A8D-4B2D-B7AB-2C30D546EDFE}.Debug|Any CPU.Build.0 = Debug|Any CPU
		{ABB8BFA5-4A8D-4B2D-B7AB-2C30D546EDFE}.Debug|ARM.ActiveCfg = Debug|Any CPU
		{ABB8BFA5-4A8D-4B2D-B7AB-2C30D546EDFE}.Debug|ARM.Build.0 = Debug|Any CPU
		{ABB8BFA5-4A8D-4B2D-B7AB-2C30D546EDFE}.Debug|x64.ActiveCfg = Debug|Any CPU
		{ABB8BFA5-4A8D-4B2D-B7AB-2C30D546EDFE}.Debug|x64.Build.0 = Debug|Any CPU
		{ABB8BFA5-4A8D-4B2D-B7AB-2C30D546EDFE}.Debug|x86.ActiveCfg = Debug|Any CPU
		{ABB8BFA5-4A8D-4B2D-B7AB-2C30D546EDFE}.Debug|x86.Build.0 = Debug|Any CPU
		{ABB8BFA5-4A8D-4B2D-B7AB-2C30D546EDFE}.Release|Any CPU.ActiveCfg = Release|Any CPU
		{ABB8BFA5-4A8D-4B2D-B7AB-2C30D546EDFE}.Release|Any CPU.Build.0 = Release|Any CPU
		{ABB8BFA5-4A8D-4B2D-B7AB-2C30D546EDFE}.Release|ARM.ActiveCfg = Release|Any CPU
		{ABB8BFA5-4A8D-4B2D-B7AB-2C30D546EDFE}.Release|ARM.Build.0 = Release|Any CPU
		{ABB8BFA5-4A8D-4B2D-B7AB-2C30D546EDFE}.Release|x64.ActiveCfg = Release|Any CPU
		{ABB8BFA5-4A8D-4B2D-B7AB-2C30D546EDFE}.Release|x64.Build.0 = Release|Any CPU
		{ABB8BFA5-4A8D-4B2D-B7AB-2C30D546EDFE}.Release|x86.ActiveCfg = Release|Any CPU
		{ABB8BFA5-4A8D-4B2D-B7AB-2C30D546EDFE}.Release|x86.Build.0 = Release|Any CPU
		{72D0389B-704D-4E76-9692-962256246E55}.Debug|Any CPU.ActiveCfg = Debug|Any CPU
		{72D0389B-704D-4E76-9692-962256246E55}.Debug|Any CPU.Build.0 = Debug|Any CPU
		{72D0389B-704D-4E76-9692-962256246E55}.Debug|ARM.ActiveCfg = Debug|Any CPU
		{72D0389B-704D-4E76-9692-962256246E55}.Debug|ARM.Build.0 = Debug|Any CPU
		{72D0389B-704D-4E76-9692-962256246E55}.Debug|x64.ActiveCfg = Debug|Any CPU
		{72D0389B-704D-4E76-9692-962256246E55}.Debug|x64.Build.0 = Debug|Any CPU
		{72D0389B-704D-4E76-9692-962256246E55}.Debug|x86.ActiveCfg = Debug|Any CPU
		{72D0389B-704D-4E76-9692-962256246E55}.Debug|x86.Build.0 = Debug|Any CPU
		{72D0389B-704D-4E76-9692-962256246E55}.Release|Any CPU.ActiveCfg = Release|Any CPU
		{72D0389B-704D-4E76-9692-962256246E55}.Release|Any CPU.Build.0 = Release|Any CPU
		{72D0389B-704D-4E76-9692-962256246E55}.Release|ARM.ActiveCfg = Release|Any CPU
		{72D0389B-704D-4E76-9692-962256246E55}.Release|ARM.Build.0 = Release|Any CPU
		{72D0389B-704D-4E76-9692-962256246E55}.Release|x64.ActiveCfg = Release|Any CPU
		{72D0389B-704D-4E76-9692-962256246E55}.Release|x64.Build.0 = Release|Any CPU
		{72D0389B-704D-4E76-9692-962256246E55}.Release|x86.ActiveCfg = Release|Any CPU
		{72D0389B-704D-4E76-9692-962256246E55}.Release|x86.Build.0 = Release|Any CPU
		{6738A2D0-7B18-4CF2-B18E-8C68645B85E4}.Debug|Any CPU.ActiveCfg = Debug|Any CPU
		{6738A2D0-7B18-4CF2-B18E-8C68645B85E4}.Debug|Any CPU.Build.0 = Debug|Any CPU
		{6738A2D0-7B18-4CF2-B18E-8C68645B85E4}.Debug|ARM.ActiveCfg = Debug|Any CPU
		{6738A2D0-7B18-4CF2-B18E-8C68645B85E4}.Debug|ARM.Build.0 = Debug|Any CPU
		{6738A2D0-7B18-4CF2-B18E-8C68645B85E4}.Debug|x64.ActiveCfg = Debug|Any CPU
		{6738A2D0-7B18-4CF2-B18E-8C68645B85E4}.Debug|x64.Build.0 = Debug|Any CPU
		{6738A2D0-7B18-4CF2-B18E-8C68645B85E4}.Debug|x86.ActiveCfg = Debug|Any CPU
		{6738A2D0-7B18-4CF2-B18E-8C68645B85E4}.Debug|x86.Build.0 = Debug|Any CPU
		{6738A2D0-7B18-4CF2-B18E-8C68645B85E4}.Release|Any CPU.ActiveCfg = Release|Any CPU
		{6738A2D0-7B18-4CF2-B18E-8C68645B85E4}.Release|Any CPU.Build.0 = Release|Any CPU
		{6738A2D0-7B18-4CF2-B18E-8C68645B85E4}.Release|ARM.ActiveCfg = Release|Any CPU
		{6738A2D0-7B18-4CF2-B18E-8C68645B85E4}.Release|ARM.Build.0 = Release|Any CPU
		{6738A2D0-7B18-4CF2-B18E-8C68645B85E4}.Release|x64.ActiveCfg = Release|Any CPU
		{6738A2D0-7B18-4CF2-B18E-8C68645B85E4}.Release|x64.Build.0 = Release|Any CPU
		{6738A2D0-7B18-4CF2-B18E-8C68645B85E4}.Release|x86.ActiveCfg = Release|Any CPU
		{6738A2D0-7B18-4CF2-B18E-8C68645B85E4}.Release|x86.Build.0 = Release|Any CPU
	EndGlobalSection
	GlobalSection(SolutionProperties) = preSolution
		HideSolutionNode = FALSE
	EndGlobalSection
	GlobalSection(NestedProjects) = preSolution
		{CCED2DC9-B1BC-4A66-A7C3-488CF1DE3616} = {0ABE93F4-6D79-475C-9E76-3136A7D17D26}
		{C637B589-5769-4661-9B6D-A34571A5AE08} = {1D3C6094-2E8A-4A8F-9F1E-5A6450318F27}
		{CA416337-12D3-4406-85C8-2717FAB7A7D2} = {5F8D41B8-9780-4960-9071-3462BA179E23}
		{6D351EA3-9664-48F9-8937-EA14924755FE} = {B38271C0-D03D-4DA3-97A5-7F2183CE7D15}
		{1AD9F4C2-F7E0-4179-8938-D39A2D291BDF} = {5F8D41B8-9780-4960-9071-3462BA179E23}
		{DEBB89D5-7BA3-465C-B6D0-927FD61C0DFB} = {5F8D41B8-9780-4960-9071-3462BA179E23}
		{F13BAE0F-446F-4E54-8DFD-63776E94D33D} = {B38271C0-D03D-4DA3-97A5-7F2183CE7D15}
		{2CEB371B-B0EF-4335-99E3-83F30B1EF21E} = {1D3C6094-2E8A-4A8F-9F1E-5A6450318F27}
		{8D844524-F0FC-4DF7-9DF6-704327812309} = {1D3C6094-2E8A-4A8F-9F1E-5A6450318F27}
		{D97DE048-58C6-4F5F-B042-6A70264AC8D0} = {B38271C0-D03D-4DA3-97A5-7F2183CE7D15}
		{8D7E12EA-22FA-4B3E-A80D-0AB523F6E634} = {B38271C0-D03D-4DA3-97A5-7F2183CE7D15}
		{CE788482-79F0-4BDA-AABA-0C3BB1BEECAC} = {F6F7B601-1856-404B-A115-B141EF31DD67}
		{09E3B03C-3D6D-4599-9CA0-E0ED59798398} = {B38271C0-D03D-4DA3-97A5-7F2183CE7D15}
		{9D7A506D-ACD8-4003-98C6-C0E8A82CCA3C} = {1D3C6094-2E8A-4A8F-9F1E-5A6450318F27}
		{885756A7-3A1F-48D5-AD83-BF3F33005F69} = {0ABE93F4-6D79-475C-9E76-3136A7D17D26}
		{81A243CB-E24C-4364-872E-CBB916ECCB96} = {0C30B161-05C8-4999-AE4A-93485FAC6110}
		{ABB8BFA5-4A8D-4B2D-B7AB-2C30D546EDFE} = {0C30B161-05C8-4999-AE4A-93485FAC6110}
		{72D0389B-704D-4E76-9692-962256246E55} = {0C30B161-05C8-4999-AE4A-93485FAC6110}
		{6738A2D0-7B18-4CF2-B18E-8C68645B85E4} = {0C30B161-05C8-4999-AE4A-93485FAC6110}
	EndGlobalSection
	GlobalSection(ExtensibilityGlobals) = postSolution
		SolutionGuid = {71F1B232-0397-414E-8924-5802CD14E62B}
	EndGlobalSection
EndGlobal
